
Microsoft Visual Studio Solution File, Format Version 12.00
# Visual Studio Version 16
VisualStudioVersion = 16.0.31605.320
MinimumVisualStudioVersion = 10.0.40219.1
Project("{FAE04EC0-301F-11D3-BF4B-00C04F79EFBC}") = "Laba_2_CSharp", "Laba_2_CSharp\Laba_2_CSharp.csproj", "{CC7EB35A-6DFF-465F-B012-20B82982AB01}"
EndProject
Global
	GlobalSection(SolutionConfigurationPlatforms) = preSolution
		Debug|Any CPU = Debug|Any CPU
		Release|Any CPU = Release|Any CPU
	EndGlobalSection
	GlobalSection(ProjectConfigurationPlatforms) = postSolution
		{CC7EB35A-6DFF-465F-B012-20B82982AB01}.Debug|Any CPU.ActiveCfg = Debug|Any CPU
		{CC7EB35A-6DFF-465F-B012-20B82982AB01}.Debug|Any CPU.Build.0 = Debug|Any CPU
		{CC7EB35A-6DFF-465F-B012-20B82982AB01}.Release|Any CPU.ActiveCfg = Release|Any CPU
		{CC7EB35A-6DFF-465F-B012-20B82982AB01}.Release|Any CPU.Build.0 = Release|Any CPU
	EndGlobalSection
	GlobalSection(SolutionProperties) = preSolution
		HideSolutionNode = FALSE
	EndGlobalSection
	GlobalSection(ExtensibilityGlobals) = postSolution
		SolutionGuid = {B34DDF76-FC4D-47A6-9B86-0D88390E73D2}
	EndGlobalSection
EndGlobal
